{
    "version": 3,
    "terraform_version": "0.9.4",
    "serial": 17,
    "lineage": "3e31befd-1446-4e40-9e48-14c93531008a",
    "modules": [
        {
            "path": [
                "root"
            ],
            "outputs": {},
            "resources": {
                "aws_elb.hands-on-ELB": {
                    "type": "aws_elb",
                    "depends_on": [
                        "aws_instance.Web.*",
                        "aws_security_group.ELB-SG",
                        "aws_subnet.public.*"
                    ],
                    "primary": {
                        "id": "hands-on-ELB",
                        "attributes": {
                            "access_logs.#": "0",
                            "availability_zones.#": "2",
                            "availability_zones.249779250": "ap-northeast-1c",
                            "availability_zones.3773642014": "ap-northeast-1a",
                            "connection_draining": "true",
                            "connection_draining_timeout": "400",
                            "cross_zone_load_balancing": "true",
                            "dns_name": "hands-on-ELB-1553539698.ap-northeast-1.elb.amazonaws.com",
                            "health_check.#": "1",
                            "health_check.0.healthy_threshold": "3",
                            "health_check.0.interval": "30",
                            "health_check.0.target": "HTTP:80/",
                            "health_check.0.timeout": "5",
                            "health_check.0.unhealthy_threshold": "3",
                            "id": "hands-on-ELB",
                            "idle_timeout": "400",
                            "instances.#": "2",
                            "instances.2377250705": "i-0d61950cdb5f9c233",
                            "instances.739026454": "i-00823df1fa3cf4039",
                            "internal": "false",
                            "listener.#": "1",
                            "listener.3057123346.instance_port": "80",
                            "listener.3057123346.instance_protocol": "http",
                            "listener.3057123346.lb_port": "80",
                            "listener.3057123346.lb_protocol": "http",
                            "listener.3057123346.ssl_certificate_id": "",
                            "name": "hands-on-ELB",
                            "security_groups.#": "1",
                            "security_groups.209103512": "sg-3f5a9459",
                            "source_security_group": "056540312877/ELB-SG",
                            "source_security_group_id": "sg-3f5a9459",
                            "subnets.#": "2",
                            "subnets.115777997": "subnet-c5ecad9d",
                            "subnets.865976472": "subnet-a64a49d0",
                            "tags.%": "0",
                            "zone_id": "Z14GRHDCWA56QT"
                        },
                        "meta": {},
                        "tainted": false
                    },
                    "deposed": [],
                    "provider": ""
                },
                "aws_instance.Web.0": {
                    "type": "aws_instance",
                    "depends_on": [
                        "aws_security_group.Web-SG",
                        "aws_subnet.public.*",
                        "aws_vpc.hands-on-vpc"
                    ],
                    "primary": {
                        "id": "i-00823df1fa3cf4039",
                        "attributes": {
                            "ami": "ami-e9dbd98e",
                            "associate_public_ip_address": "true",
                            "availability_zone": "ap-northeast-1a",
                            "disable_api_termination": "false",
                            "ebs_block_device.#": "0",
                            "ebs_optimized": "false",
                            "ephemeral_block_device.#": "1",
                            "ephemeral_block_device.3043895074.device_name": "/dev/xvdb",
                            "ephemeral_block_device.3043895074.no_device": "false",
                            "ephemeral_block_device.3043895074.virtual_name": "ephemeral0",
                            "iam_instance_profile": "",
                            "id": "i-00823df1fa3cf4039",
                            "instance_state": "running",
                            "instance_type": "t2.micro",
                            "ipv6_address_count": "0",
                            "ipv6_addresses.#": "0",
                            "key_name": "jenelab-hands-on",
                            "monitoring": "false",
                            "network_interface.#": "0",
                            "network_interface_id": "eni-f869f6b6",
                            "primary_network_interface_id": "eni-f869f6b6",
                            "private_dns": "ip-10-0-1-247.ap-northeast-1.compute.internal",
                            "private_ip": "10.0.1.247",
                            "public_dns": "ec2-54-199-232-211.ap-northeast-1.compute.amazonaws.com",
                            "public_ip": "54.199.232.211",
                            "root_block_device.#": "1",
                            "root_block_device.0.delete_on_termination": "true",
                            "root_block_device.0.iops": "100",
                            "root_block_device.0.volume_size": "8",
                            "root_block_device.0.volume_type": "gp2",
                            "security_groups.#": "0",
                            "source_dest_check": "true",
                            "subnet_id": "subnet-a64a49d0",
                            "tags.%": "0",
                            "tenancy": "default",
                            "volume_tags.%": "0",
                            "vpc_security_group_ids.#": "1",
                            "vpc_security_group_ids.3393465047": "sg-4a5d932c"
                        },
                        "meta": {
                            "schema_version": "1"
                        },
                        "tainted": false
                    },
                    "deposed": [],
                    "provider": ""
                },
                "aws_instance.Web.1": {
                    "type": "aws_instance",
                    "depends_on": [
                        "aws_security_group.Web-SG",
                        "aws_subnet.public.*",
                        "aws_vpc.hands-on-vpc"
                    ],
                    "primary": {
                        "id": "i-0d61950cdb5f9c233",
                        "attributes": {
                            "ami": "ami-e9dbd98e",
                            "associate_public_ip_address": "true",
                            "availability_zone": "ap-northeast-1c",
                            "disable_api_termination": "false",
                            "ebs_block_device.#": "0",
                            "ebs_optimized": "false",
                            "ephemeral_block_device.#": "1",
                            "ephemeral_block_device.3043895074.device_name": "/dev/xvdb",
                            "ephemeral_block_device.3043895074.no_device": "false",
                            "ephemeral_block_device.3043895074.virtual_name": "ephemeral0",
                            "iam_instance_profile": "",
                            "id": "i-0d61950cdb5f9c233",
                            "instance_state": "running",
                            "instance_type": "t2.micro",
                            "ipv6_address_count": "0",
                            "ipv6_addresses.#": "0",
                            "key_name": "jenelab-hands-on",
                            "monitoring": "false",
                            "network_interface.#": "0",
                            "network_interface_id": "eni-8673a6d7",
                            "primary_network_interface_id": "eni-8673a6d7",
                            "private_dns": "ip-10-0-2-8.ap-northeast-1.compute.internal",
                            "private_ip": "10.0.2.8",
                            "public_dns": "ec2-13-115-251-204.ap-northeast-1.compute.amazonaws.com",
                            "public_ip": "13.115.251.204",
                            "root_block_device.#": "1",
                            "root_block_device.0.delete_on_termination": "true",
                            "root_block_device.0.iops": "100",
                            "root_block_device.0.volume_size": "8",
                            "root_block_device.0.volume_type": "gp2",
                            "security_groups.#": "0",
                            "source_dest_check": "true",
                            "subnet_id": "subnet-c5ecad9d",
                            "tags.%": "0",
                            "tenancy": "default",
                            "volume_tags.%": "0",
                            "vpc_security_group_ids.#": "1",
                            "vpc_security_group_ids.3393465047": "sg-4a5d932c"
                        },
                        "meta": {
                            "schema_version": "1"
                        },
                        "tainted": false
                    },
                    "deposed": [],
                    "provider": ""
                },
                "aws_internet_gateway.hands-on-vpc": {
                    "type": "aws_internet_gateway",
                    "depends_on": [
                        "aws_vpc.hands-on-vpc"
                    ],
                    "primary": {
                        "id": "igw-fbe30e9f",
                        "attributes": {
                            "id": "igw-fbe30e9f",
                            "vpc_id": "vpc-baf588de"
                        },
                        "meta": {},
                        "tainted": false
                    },
                    "deposed": [],
                    "provider": ""
                },
                "aws_route.public_internet_gateway": {
                    "type": "aws_route",
                    "depends_on": [
                        "aws_internet_gateway.hands-on-vpc",
                        "aws_route_table.public"
                    ],
                    "primary": {
                        "id": "r-rtb-ceadb8aa1080289494",
                        "attributes": {
                            "destination_cidr_block": "0.0.0.0/0",
                            "destination_prefix_list_id": "",
                            "egress_only_gateway_id": "",
                            "gateway_id": "igw-fbe30e9f",
                            "id": "r-rtb-ceadb8aa1080289494",
                            "instance_id": "",
                            "instance_owner_id": "",
                            "nat_gateway_id": "",
                            "network_interface_id": "",
                            "origin": "CreateRoute",
                            "route_table_id": "rtb-ceadb8aa",
                            "state": "active",
                            "vpc_peering_connection_id": ""
                        },
                        "meta": {},
                        "tainted": false
                    },
                    "deposed": [],
                    "provider": ""
                },
                "aws_route_table.public": {
                    "type": "aws_route_table",
                    "depends_on": [
                        "aws_vpc.hands-on-vpc"
                    ],
                    "primary": {
                        "id": "rtb-ceadb8aa",
                        "attributes": {
                            "id": "rtb-ceadb8aa",
                            "propagating_vgws.#": "0",
                            "route.#": "0",
                            "tags.%": "0",
                            "vpc_id": "vpc-baf588de"
                        },
                        "meta": {},
                        "tainted": false
                    },
                    "deposed": [],
                    "provider": ""
                },
                "aws_route_table_association.public.0": {
                    "type": "aws_route_table_association",
                    "depends_on": [
                        "aws_route_table.public",
                        "aws_subnet.public.*"
                    ],
                    "primary": {
                        "id": "rtbassoc-958ae1f2",
                        "attributes": {
                            "id": "rtbassoc-958ae1f2",
                            "route_table_id": "rtb-ceadb8aa",
                            "subnet_id": "subnet-a64a49d0"
                        },
                        "meta": {},
                        "tainted": false
                    },
                    "deposed": [],
                    "provider": ""
                },
                "aws_route_table_association.public.1": {
                    "type": "aws_route_table_association",
                    "depends_on": [
                        "aws_route_table.public",
                        "aws_subnet.public.*"
                    ],
                    "primary": {
                        "id": "rtbassoc-4db5de2a",
                        "attributes": {
                            "id": "rtbassoc-4db5de2a",
                            "route_table_id": "rtb-ceadb8aa",
                            "subnet_id": "subnet-c5ecad9d"
                        },
                        "meta": {},
                        "tainted": false
                    },
                    "deposed": [],
                    "provider": ""
                },
                "aws_security_group.ELB-SG": {
                    "type": "aws_security_group",
                    "depends_on": [
                        "aws_vpc.hands-on-vpc"
                    ],
                    "primary": {
                        "id": "sg-3f5a9459",
                        "attributes": {
                            "description": "Managed by Terraform",
                            "egress.#": "1",
                            "egress.482069346.cidr_blocks.#": "1",
                            "egress.482069346.cidr_blocks.0": "0.0.0.0/0",
                            "egress.482069346.from_port": "0",
                            "egress.482069346.ipv6_cidr_blocks.#": "0",
                            "egress.482069346.prefix_list_ids.#": "0",
                            "egress.482069346.protocol": "-1",
                            "egress.482069346.security_groups.#": "0",
                            "egress.482069346.self": "false",
                            "egress.482069346.to_port": "0",
                            "id": "sg-3f5a9459",
                            "ingress.#": "1",
                            "ingress.2214680975.cidr_blocks.#": "1",
                            "ingress.2214680975.cidr_blocks.0": "0.0.0.0/0",
                            "ingress.2214680975.from_port": "80",
                            "ingress.2214680975.ipv6_cidr_blocks.#": "0",
                            "ingress.2214680975.protocol": "tcp",
                            "ingress.2214680975.security_groups.#": "0",
                            "ingress.2214680975.self": "false",
                            "ingress.2214680975.to_port": "80",
                            "name": "ELB-SG",
                            "owner_id": "056540312877",
                            "tags.%": "0",
                            "vpc_id": "vpc-baf588de"
                        },
                        "meta": {},
                        "tainted": false
                    },
                    "deposed": [],
                    "provider": ""
                },
                "aws_security_group.Web-SG": {
                    "type": "aws_security_group",
                    "depends_on": [
                        "aws_vpc.hands-on-vpc"
                    ],
                    "primary": {
                        "id": "sg-4a5d932c",
                        "attributes": {
                            "description": "Managed by Terraform",
                            "egress.#": "1",
                            "egress.482069346.cidr_blocks.#": "1",
                            "egress.482069346.cidr_blocks.0": "0.0.0.0/0",
                            "egress.482069346.from_port": "0",
                            "egress.482069346.ipv6_cidr_blocks.#": "0",
                            "egress.482069346.prefix_list_ids.#": "0",
                            "egress.482069346.protocol": "-1",
                            "egress.482069346.security_groups.#": "0",
                            "egress.482069346.self": "false",
                            "egress.482069346.to_port": "0",
                            "id": "sg-4a5d932c",
                            "ingress.#": "2",
                            "ingress.2214680975.cidr_blocks.#": "1",
                            "ingress.2214680975.cidr_blocks.0": "0.0.0.0/0",
                            "ingress.2214680975.from_port": "80",
                            "ingress.2214680975.ipv6_cidr_blocks.#": "0",
                            "ingress.2214680975.protocol": "tcp",
                            "ingress.2214680975.security_groups.#": "0",
                            "ingress.2214680975.self": "false",
                            "ingress.2214680975.to_port": "80",
                            "ingress.2541437006.cidr_blocks.#": "1",
                            "ingress.2541437006.cidr_blocks.0": "0.0.0.0/0",
                            "ingress.2541437006.from_port": "22",
                            "ingress.2541437006.ipv6_cidr_blocks.#": "0",
                            "ingress.2541437006.protocol": "tcp",
                            "ingress.2541437006.security_groups.#": "0",
                            "ingress.2541437006.self": "false",
                            "ingress.2541437006.to_port": "22",
                            "name": "Web-SG",
                            "owner_id": "056540312877",
                            "tags.%": "0",
                            "vpc_id": "vpc-baf588de"
                        },
                        "meta": {},
                        "tainted": false
                    },
                    "deposed": [],
                    "provider": ""
                },
                "aws_subnet.public.0": {
                    "type": "aws_subnet",
                    "depends_on": [
                        "aws_vpc.hands-on-vpc"
                    ],
                    "primary": {
                        "id": "subnet-a64a49d0",
                        "attributes": {
                            "assign_ipv6_address_on_creation": "false",
                            "availability_zone": "ap-northeast-1a",
                            "cidr_block": "10.0.1.0/24",
                            "id": "subnet-a64a49d0",
                            "map_public_ip_on_launch": "true",
                            "tags.%": "0",
                            "vpc_id": "vpc-baf588de"
                        },
                        "meta": {
                            "schema_version": "1"
                        },
                        "tainted": false
                    },
                    "deposed": [],
                    "provider": ""
                },
                "aws_subnet.public.1": {
                    "type": "aws_subnet",
                    "depends_on": [
                        "aws_vpc.hands-on-vpc"
                    ],
                    "primary": {
                        "id": "subnet-c5ecad9d",
                        "attributes": {
                            "assign_ipv6_address_on_creation": "false",
                            "availability_zone": "ap-northeast-1c",
                            "cidr_block": "10.0.2.0/24",
                            "id": "subnet-c5ecad9d",
                            "map_public_ip_on_launch": "true",
                            "tags.%": "0",
                            "vpc_id": "vpc-baf588de"
                        },
                        "meta": {
                            "schema_version": "1"
                        },
                        "tainted": false
                    },
                    "deposed": [],
                    "provider": ""
                },
                "aws_vpc.hands-on-vpc": {
                    "type": "aws_vpc",
                    "depends_on": [],
                    "primary": {
                        "id": "vpc-baf588de",
                        "attributes": {
                            "assign_generated_ipv6_cidr_block": "false",
                            "cidr_block": "10.0.0.0/16",
                            "default_network_acl_id": "acl-d42b13b0",
                            "default_route_table_id": "rtb-d8a3b6bc",
                            "default_security_group_id": "sg-4c5d932a",
                            "dhcp_options_id": "dopt-2a20904e",
                            "enable_classiclink": "false",
                            "enable_dns_hostnames": "true",
                            "enable_dns_support": "true",
                            "id": "vpc-baf588de",
                            "instance_tenancy": "default",
                            "main_route_table_id": "rtb-d8a3b6bc",
                            "tags.%": "0"
                        },
                        "meta": {
                            "schema_version": "1"
                        },
                        "tainted": false
                    },
                    "deposed": [],
                    "provider": ""
                }
            },
            "depends_on": []
        }
    ]
}
